PODS:
  - Alamofire (5.6.4)
  - Cache (6.0.0)
  - MRSwift (1.1.0):
    - Alamofire
    - Cache
    - PureLayout
    - RxCocoa
    - RxSwift
    - SDWebImage
  - PureLayout (3.1.9)
  - RxCocoa (6.5.0):
    - RxRelay (= 6.5.0)
    - RxSwift (= 6.5.0)
  - RxRelay (6.5.0):
    - RxSwift (= 6.5.0)
  - RxSwift (6.5.0)
  - SDWebImage (5.15.5):
    - SDWebImage/Core (= 5.15.5)
  - SDWebImage/Core (5.15.5)

DEPENDENCIES:
  - MRSwift (from `../`)

SPEC REPOS:
  trunk:
    - Alamofire
    - Cache
    - PureLayout
    - RxCocoa
    - RxRelay
    - RxSwift
    - SDWebImage

EXTERNAL SOURCES:
  MRSwift:
    :path: "../"

SPEC CHECKSUMS:
  Alamofire: 4e95d97098eacb88856099c4fc79b526a299e48c
  Cache: 4ca7e00363fca5455f26534e5607634c820ffc2d
  MRSwift: 89c591f8d74f26c17e3ede2f20d0d1bac38394ec
  PureLayout: 5fb5e5429519627d60d079ccb1eaa7265ce7cf88
  RxCocoa: 94f817b71c07517321eb4f9ad299112ca8af743b
  RxRelay: 1de1523e604c72b6c68feadedd1af3b1b4d0ecbd
  RxSwift: 5710a9e6b17f3c3d6e40d6e559b9fa1e813b2ef8
  SDWebImage: fd7e1a22f00303e058058278639bf6196ee431fe

PODFILE CHECKSUM: 80fa3b5f028c0f4230220d85c39a629048cff39f

COCOAPODS: 1.11.2
