PODS:
  - Alamofire (4.6.0)
  - MRSwift (0.1.0):
    - Alamofire
    - SDWebImage
  - SDWebImage (4.3.0):
    - SDWebImage/Core (= 4.3.0)
  - SDWebImage/Core (4.3.0)

DEPENDENCIES:
  - MRSwift (from `../`)

EXTERNAL SOURCES:
  MRSwift:
    :path: ../

SPEC CHECKSUMS:
  Alamofire: f41a599bd63041760b26d393ec1069d9d7b917f4
  MRSwift: 834c95635f33978c572da3c43e1b5b70c11cfe4d
  SDWebImage: 6da6c8bca115addc4de8613362e1b15f66333825

PODFILE CHECKSUM: eb911c69fb5cc24c98388f2498623af39001d987

COCOAPODS: 1.4.0
