PODS:
  - Alamofire (4.7.2)
  - Cache (4.2.0)
  - MRSwift (0.1.0):
    - Alamofire
    - Cache
    - PureLayout
    - SDWebImage
  - PureLayout (3.0.2)
  - SDWebImage (4.3.3):
    - SDWebImage/Core (= 4.3.3)
  - SDWebImage/Core (4.3.3)

DEPENDENCIES:
  - MRSwift (from `../`)

SPEC REPOS:
  https://github.com/CocoaPods/Specs.git:
    - Alamofire
    - Cache
    - PureLayout
    - SDWebImage

EXTERNAL SOURCES:
  MRSwift:
    :path: "../"

SPEC CHECKSUMS:
  Alamofire: e4fa87002c137ba2d8d634d2c51fabcda0d5c223
  Cache: f28f8dd64b632155aabf9b3906b036a659048251
  MRSwift: b8aedea3a8b40deb760c9fed2664b41ca6cde035
  PureLayout: 4d550abe49a94f24c2808b9b95db9131685fe4cd
  SDWebImage: de4d90b5bff3571eae7bd16202b1f43135409fa5

PODFILE CHECKSUM: 9045741e71eb897aee58493ed31889f03e0654db

COCOAPODS: 1.5.0
